
Microsoft Visual Studio Solution File, Format Version 12.00
# Visual Studio Version 16
VisualStudioVersion = 16.0.29509.3
MinimumVisualStudioVersion = 10.0.40219.1
Project("{8BC9CEB8-8B4A-11D0-8D11-00A0C91BC942}") = "BlurBMP", "BlurBMP\BlurBMP.vcxproj", "{2322A653-C537-4EB6-92C4-48E4043C5FFC}"
EndProject
Global
	GlobalSection(SolutionConfigurationPlatforms) = preSolution
		Debug|x64 = Debug|x64
		Debug|x86 = Debug|x86
		Release|x64 = Release|x64
		Release|x86 = Release|x86
	EndGlobalSection
	GlobalSection(ProjectConfigurationPlatforms) = postSolution
		{2322A653-C537-4EB6-92C4-48E4043C5FFC}.Debug|x64.ActiveCfg = Debug|x64
		{2322A653-C537-4EB6-92C4-48E4043C5FFC}.Debug|x64.Build.0 = Debug|x64
		{2322A653-C537-4EB6-92C4-48E4043C5FFC}.Debug|x86.ActiveCfg = Debug|Win32
		{2322A653-C537-4EB6-92C4-48E4043C5FFC}.Debug|x86.Build.0 = Debug|Win32
		{2322A653-C537-4EB6-92C4-48E4043C5FFC}.Release|x64.ActiveCfg = Release|x64
		{2322A653-C537-4EB6-92C4-48E4043C5FFC}.Release|x64.Build.0 = Release|x64
		{2322A653-C537-4EB6-92C4-48E4043C5FFC}.Release|x86.ActiveCfg = Release|Win32
		{2322A653-C537-4EB6-92C4-48E4043C5FFC}.Release|x86.Build.0 = Release|Win32
	EndGlobalSection
	GlobalSection(SolutionProperties) = preSolution
		HideSolutionNode = FALSE
	EndGlobalSection
	GlobalSection(ExtensibilityGlobals) = postSolution
		SolutionGuid = {4674AABB-4CA2-4313-8E8F-5FCB5EE55E52}
	EndGlobalSection
EndGlobal
